<?xml version="1.0" encoding="utf-8"?>
<Project ToolsVersion="4.0" xmlns="http://schemas.microsoft.com/developer/msbuild/2003">
  <ItemGroup>
    <ClCompile Include="Button.cpp" />
    <ClCompile Include="Camera3D.cpp" />
    <ClCompile Include="Component.cpp" />
    <ClCompile Include="Controller.cpp" />
    <ClCompile Include="Door.cpp" />
    <ClCompile Include="DrawingUtilNG.cpp" />
    <ClCompile Include="EndPoint.cpp" />
    <ClCompile Include="fssimplewindow.cpp" />
    <ClCompile Include="GraphicFont.cpp" />
    <ClCompile Include="Map.cpp" />
    <ClCompile Include="OrbitingViewer.cpp" />
    <ClCompile Include="Plain.cpp" />
    <ClCompile Include="Player.cpp" />
    <ClCompile Include="PuzzleGame_main.cpp" />
    <ClCompile Include="Rock.cpp" />
    <ClCompile Include="StartPoint.cpp" />
    <ClCompile Include="Switch.cpp" />
    <ClCompile Include="ysglfontdata.c" />
    <ClCompile Include="yspng.cpp" />
    <ClCompile Include="yssimplesound.cpp" />
    <ClCompile Include="yssimplesound_dsound.cpp" />
    <ClCompile Include="Teaching.cpp" />
  </ItemGroup>
  <ItemGroup>
    <ClInclude Include="Button.h" />
    <ClInclude Include="Camera3D.h" />
    <ClInclude Include="Component.h" />
    <ClInclude Include="Controller.h" />
    <ClInclude Include="Door.h" />
    <ClInclude Include="DrawingUtilNG.h" />
    <ClInclude Include="EndPoint.h" />
    <ClInclude Include="fssimplewindow.h" />
    <ClInclude Include="GraphicFont.h" />
    <ClInclude Include="Map.h" />
    <ClInclude Include="OrbitingViewer.h" />
    <ClInclude Include="Plain.h" />
    <ClInclude Include="Player.h" />
    <ClInclude Include="Rock.h" />
    <ClInclude Include="StartPoint.h" />
    <ClInclude Include="Switch.h" />
    <ClInclude Include="ysglfontdata.h" />
    <ClInclude Include="yspng.h" />
    <ClInclude Include="yssimplesound.h" />
    <ClInclude Include="Teaching.h" />
  </ItemGroup>
</Project>